
Microsoft Visual Studio Solution File, Format Version 12.00
# Visual Studio Version 16
VisualStudioVersion = 16.0.31019.35
MinimumVisualStudioVersion = 10.0.40219.1
Project("{159641D6-6404-4A2A-AE62-294DE0FE8301}") = "Integration Services Project1", "Integration Services Project1\Integration Services Project1.dtproj", "{E8CEFE2B-BBB8-4D68-9281-279371EAF729}"
EndProject
Global
	GlobalSection(SolutionConfigurationPlatforms) = preSolution
		Development|Default = Development|Default
	EndGlobalSection
	GlobalSection(ProjectConfigurationPlatforms) = postSolution
		{E8CEFE2B-BBB8-4D68-9281-279371EAF729}.Development|Default.ActiveCfg = Development
		{E8CEFE2B-BBB8-4D68-9281-279371EAF729}.Development|Default.Build.0 = Development
	EndGlobalSection
	GlobalSection(SolutionProperties) = preSolution
		HideSolutionNode = FALSE
	EndGlobalSection
	GlobalSection(ExtensibilityGlobals) = postSolution
		SolutionGuid = {424F7828-92A0-433A-B66A-FDDF7030E826}
	EndGlobalSection
EndGlobal
